// !$*UTF8*$!
{
	archiveVersion = 1;
	classes = {
	};
	objectVersion = 55;
	objects = {

/* Begin PBXBuildFile section */
		06315A662A51A58400870B9D /* LocationSearchSwiftUIApp.swift in Sources */ = {isa = PBXBuildFile; fileRef = 06315A652A51A58400870B9D /* LocationSearchSwiftUIApp.swift */; };
		06315A682A51A58400870B9D /* ContentView.swift in Sources */ = {isa = PBXBuildFile; fileRef = 06315A672A51A58400870B9D /* ContentView.swift */; };
		06315A6A2A51A59A00870B9D /* Assets.xcassets in Resources */ = {isa = PBXBuildFile; fileRef = 06315A692A51A59A00870B9D /* Assets.xcassets */; };
		06315A6D2A51A59A00870B9D /* Preview Assets.xcassets in Resources */ = {isa = PBXBuildFile; fileRef = 06315A6C2A51A59A00870B9D /* Preview Assets.xcassets */; };
		06315A752A51A61800870B9D /* LocationManager.swift in Sources */ = {isa = PBXBuildFile; fileRef = 06315A742A51A61800870B9D /* LocationManager.swift */; };
		06315A782A51B0E500870B9D /* MKCoordinateRegion+Extensions.swift in Sources */ = {isa = PBXBuildFile; fileRef = 06315A772A51B0E500870B9D /* MKCoordinateRegion+Extensions.swift */; };
		06315A7C2A51D41400870B9D /* LocalSearchService.swift in Sources */ = {isa = PBXBuildFile; fileRef = 06315A7B2A51D41400870B9D /* LocalSearchService.swift */; };
		06315A7F2A51E4C900870B9D /* Landmark.swift in Sources */ = {isa = PBXBuildFile; fileRef = 06315A7E2A51E4C900870B9D /* Landmark.swift */; };
		06315A822A51FA2800870B9D /* LandmarkListView.swift in Sources */ = {isa = PBXBuildFile; fileRef = 06315A812A51FA2800870B9D /* LandmarkListView.swift */; };
/* End PBXBuildFile section */

/* Begin PBXFileReference section */
		06315A622A51A58300870B9D /* LocationSearchSwiftUI.app */ = {isa = PBXFileReference; explicitFileType = wrapper.application; includeInIndex = 0; path = LocationSearchSwiftUI.app; sourceTree = BUILT_PRODUCTS_DIR; };
		06315A652A51A58400870B9D /* LocationSearchSwiftUIApp.swift */ = {isa = PBXFileReference; lastKnownFileType = sourcecode.swift; path = LocationSearchSwiftUIApp.swift; sourceTree = "<group>"; };
		06315A672A51A58400870B9D /* ContentView.swift */ = {isa = PBXFileReference; lastKnownFileType = sourcecode.swift; path = ContentView.swift; sourceTree = "<group>"; };
		06315A692A51A59A00870B9D /* Assets.xcassets */ = {isa = PBXFileReference; lastKnownFileType = folder.assetcatalog; path = Assets.xcassets; sourceTree = "<group>"; };
		06315A6C2A51A59A00870B9D /* Preview Assets.xcassets */ = {isa = PBXFileReference; lastKnownFileType = folder.assetcatalog; path = "Preview Assets.xcassets"; sourceTree = "<group>"; };
		06315A742A51A61800870B9D /* LocationManager.swift */ = {isa = PBXFileReference; lastKnownFileType = sourcecode.swift; path = LocationManager.swift; sourceTree = "<group>"; };
		06315A772A51B0E500870B9D /* MKCoordinateRegion+Extensions.swift */ = {isa = PBXFileReference; lastKnownFileType = sourcecode.swift; path = "MKCoordinateRegion+Extensions.swift"; sourceTree = "<group>"; };
		06315A7B2A51D41400870B9D /* LocalSearchService.swift */ = {isa = PBXFileReference; lastKnownFileType = sourcecode.swift; path = LocalSearchService.swift; sourceTree = "<group>"; };
		06315A7E2A51E4C900870B9D /* Landmark.swift */ = {isa = PBXFileReference; lastKnownFileType = sourcecode.swift; path = Landmark.swift; sourceTree = "<group>"; };
		06315A812A51FA2800870B9D /* LandmarkListView.swift */ = {isa = PBXFileReference; lastKnownFileType = sourcecode.swift; path = LandmarkListView.swift; sourceTree = "<group>"; };
/* End PBXFileReference section */

/* Begin PBXFrameworksBuildPhase section */
		06315A5F2A51A58300870B9D /* Frameworks */ = {
			isa = PBXFrameworksBuildPhase;
			buildActionMask = 2147483647;
			files = (
			);
			runOnlyForDeploymentPostprocessing = 0;
		};
/* End PBXFrameworksBuildPhase section */

/* Begin PBXGroup section */
		06315A592A51A58300870B9D = {
			isa = PBXGroup;
			children = (
				06315A642A51A58300870B9D /* LocationSearchSwiftUI */,
				06315A632A51A58300870B9D /* Products */,
			);
			sourceTree = "<group>";
		};
		06315A632A51A58300870B9D /* Products */ = {
			isa = PBXGroup;
			children = (
				06315A622A51A58300870B9D /* LocationSearchSwiftUI.app */,
			);
			name = Products;
			sourceTree = "<group>";
		};
		06315A642A51A58300870B9D /* LocationSearchSwiftUI */ = {
			isa = PBXGroup;
			children = (
				06315A802A51F9CC00870B9D /* Views */,
				06315A7D2A51E4B300870B9D /* Models */,
				06315A7A2A51D3F600870B9D /* Services */,
				06315A762A51B0C300870B9D /* Extensions */,
				06315A732A51A5F700870B9D /* Managers */,
				06315A652A51A58400870B9D /* LocationSearchSwiftUIApp.swift */,
				06315A672A51A58400870B9D /* ContentView.swift */,
				06315A692A51A59A00870B9D /* Assets.xcassets */,
				06315A6B2A51A59A00870B9D /* Preview Content */,
			);
			path = LocationSearchSwiftUI;
			sourceTree = "<group>";
		};
		06315A6B2A51A59A00870B9D /* Preview Content */ = {
			isa = PBXGroup;
			children = (
				06315A6C2A51A59A00870B9D /* Preview Assets.xcassets */,
			);
			path = "Preview Content";
			sourceTree = "<group>";
		};
		06315A732A51A5F700870B9D /* Managers */ = {
			isa = PBXGroup;
			children = (
				06315A742A51A61800870B9D /* LocationManager.swift */,
			);
			path = Managers;
			sourceTree = "<group>";
		};
		06315A762A51B0C300870B9D /* Extensions */ = {
			isa = PBXGroup;
			children = (
				06315A772A51B0E500870B9D /* MKCoordinateRegion+Extensions.swift */,
			);
			path = Extensions;
			sourceTree = "<group>";
		};
		06315A7A2A51D3F600870B9D /* Services */ = {
			isa = PBXGroup;
			children = (
				06315A7B2A51D41400870B9D /* LocalSearchService.swift */,
			);
			path = Services;
			sourceTree = "<group>";
		};
		06315A7D2A51E4B300870B9D /* Models */ = {
			isa = PBXGroup;
			children = (
				06315A7E2A51E4C900870B9D /* Landmark.swift */,
			);
			path = Models;
			sourceTree = "<group>";
		};
		06315A802A51F9CC00870B9D /* Views */ = {
			isa = PBXGroup;
			children = (
				06315A812A51FA2800870B9D /* LandmarkListView.swift */,
			);
			path = Views;
			sourceTree = "<group>";
		};
/* End PBXGroup section */

/* Begin PBXNativeTarget section */
		06315A612A51A58300870B9D /* LocationSearchSwiftUI */ = {
			isa = PBXNativeTarget;
			buildConfigurationList = 06315A702A51A59A00870B9D /* Build configuration list for PBXNativeTarget "LocationSearchSwiftUI" */;
			buildPhases = (
				06315A5E2A51A58300870B9D /* Sources */,
				06315A5F2A51A58300870B9D /* Frameworks */,
				06315A602A51A58300870B9D /* Resources */,
			);
			buildRules = (
			);
			dependencies = (
			);
			name = LocationSearchSwiftUI;
			productName = LocationSearchSwiftUI;
			productReference = 06315A622A51A58300870B9D /* LocationSearchSwiftUI.app */;
			productType = "com.apple.product-type.application";
		};
/* End PBXNativeTarget section */

/* Begin PBXProject section */
		06315A5A2A51A58300870B9D /* Project object */ = {
			isa = PBXProject;
			attributes = {
				BuildIndependentTargetsInParallel = 1;
				LastSwiftUpdateCheck = 1320;
				LastUpgradeCheck = 1320;
				TargetAttributes = {
					06315A612A51A58300870B9D = {
						CreatedOnToolsVersion = 13.2.1;
					};
				};
			};
			buildConfigurationList = 06315A5D2A51A58300870B9D /* Build configuration list for PBXProject "LocationSearchSwiftUI" */;
			compatibilityVersion = "Xcode 13.0";
			developmentRegion = en;
			hasScannedForEncodings = 0;
			knownRegions = (
				en,
				Base,
			);
			mainGroup = 06315A592A51A58300870B9D;
			productRefGroup = 06315A632A51A58300870B9D /* Products */;
			projectDirPath = "";
			projectRoot = "";
			targets = (
				06315A612A51A58300870B9D /* LocationSearchSwiftUI */,
			);
		};
/* End PBXProject section */

/* Begin PBXResourcesBuildPhase section */
		06315A602A51A58300870B9D /* Resources */ = {
			isa = PBXResourcesBuildPhase;
			buildActionMask = 2147483647;
			files = (
				06315A6D2A51A59A00870B9D /* Preview Assets.xcassets in Resources */,
				06315A6A2A51A59A00870B9D /* Assets.xcassets in Resources */,
			);
			runOnlyForDeploymentPostprocessing = 0;
		};
/* End PBXResourcesBuildPhase section */

/* Begin PBXSourcesBuildPhase section */
		06315A5E2A51A58300870B9D /* Sources */ = {
			isa = PBXSourcesBuildPhase;
			buildActionMask = 2147483647;
			files = (
				06315A682A51A58400870B9D /* ContentView.swift in Sources */,
				06315A782A51B0E500870B9D /* MKCoordinateRegion+Extensions.swift in Sources */,
				06315A7C2A51D41400870B9D /* LocalSearchService.swift in Sources */,
				06315A662A51A58400870B9D /* LocationSearchSwiftUIApp.swift in Sources */,
				06315A752A51A61800870B9D /* LocationManager.swift in Sources */,
				06315A822A51FA2800870B9D /* LandmarkListView.swift in Sources */,
				06315A7F2A51E4C900870B9D /* Landmark.swift in Sources */,
			);
			runOnlyForDeploymentPostprocessing = 0;
		};
/* End PBXSourcesBuildPhase section */

/* Begin XCBuildConfiguration section */
		06315A6E2A51A59A00870B9D /* Debug */ = {
			isa = XCBuildConfiguration;
			buildSettings = {
				ALWAYS_SEARCH_USER_PATHS = NO;
				CLANG_ANALYZER_NONNULL = YES;
				CLANG_ANALYZER_NUMBER_OBJECT_CONVERSION = YES_AGGRESSIVE;
				CLANG_CXX_LANGUAGE_STANDARD = "gnu++17";
				CLANG_CXX_LIBRARY = "libc++";
				CLANG_ENABLE_MODULES = YES;
				CLANG_ENABLE_OBJC_ARC = YES;
				CLANG_ENABLE_OBJC_WEAK = YES;
				CLANG_WARN_BLOCK_CAPTURE_AUTORELEASING = YES;
				CLANG_WARN_BOOL_CONVERSION = YES;
				CLANG_WARN_COMMA = YES;
				CLANG_WARN_CONSTANT_CONVERSION = YES;
				CLANG_WARN_DEPRECATED_OBJC_IMPLEMENTATIONS = YES;
				CLANG_WARN_DIRECT_OBJC_ISA_USAGE = YES_ERROR;
				CLANG_WARN_DOCUMENTATION_COMMENTS = YES;
				CLANG_WARN_EMPTY_BODY = YES;
				CLANG_WARN_ENUM_CONVERSION = YES;
				CLANG_WARN_INFINITE_RECURSION = YES;
				CLANG_WARN_INT_CONVERSION = YES;
				CLANG_WARN_NON_LITERAL_NULL_CONVERSION = YES;
				CLANG_WARN_OBJC_IMPLICIT_RETAIN_SELF = YES;
				CLANG_WARN_OBJC_LITERAL_CONVERSION = YES;
				CLANG_WARN_OBJC_ROOT_CLASS = YES_ERROR;
				CLANG_WARN_QUOTED_INCLUDE_IN_FRAMEWORK_HEADER = YES;
				CLANG_WARN_RANGE_LOOP_ANALYSIS = YES;
				CLANG_WARN_STRICT_PROTOTYPES = YES;
				CLANG_WARN_SUSPICIOUS_MOVE = YES;
				CLANG_WARN_UNGUARDED_AVAILABILITY = YES_AGGRESSIVE;
				CLANG_WARN_UNREACHABLE_CODE = YES;
				CLANG_WARN__DUPLICATE_METHOD_MATCH = YES;
				COPY_PHASE_STRIP = NO;
				DEBUG_INFORMATION_FORMAT = dwarf;
				ENABLE_STRICT_OBJC_MSGSEND = YES;
				ENABLE_TESTABILITY = YES;
				GCC_C_LANGUAGE_STANDARD = gnu11;
				GCC_DYNAMIC_NO_PIC = NO;
				GCC_NO_COMMON_BLOCKS = YES;
				GCC_OPTIMIZATION_LEVEL = 0;
				GCC_PREPROCESSOR_DEFINITIONS = (
					"DEBUG=1",
					"$(inherited)",
				);
				GCC_WARN_64_TO_32_BIT_CONVERSION = YES;
				GCC_WARN_ABOUT_RETURN_TYPE = YES_ERROR;
				GCC_WARN_UNDECLARED_SELECTOR = YES;
				GCC_WARN_UNINITIALIZED_AUTOS = YES_AGGRESSIVE;
				GCC_WARN_UNUSED_FUNCTION = YES;
				GCC_WARN_UNUSED_VARIABLE = YES;
				IPHONEOS_DEPLOYMENT_TARGET = 15.2;
				MTL_ENABLE_DEBUG_INFO = INCLUDE_SOURCE;
				MTL_FAST_MATH = YES;
				ONLY_ACTIVE_ARCH = YES;
				SDKROOT = iphoneos;
				SWIFT_ACTIVE_COMPILATION_CONDITIONS = DEBUG;
				SWIFT_OPTIMIZATION_LEVEL = "-Onone";
			};
			name = Debug;
		};
		06315A6F2A51A59A00870B9D /* Release */ = {
			isa = XCBuildConfiguration;
			buildSettings = {
				ALWAYS_SEARCH_USER_PATHS = NO;
				CLANG_ANALYZER_NONNULL = YES;
				CLANG_ANALYZER_NUMBER_OBJECT_CONVERSION = YES_AGGRESSIVE;
				CLANG_CXX_LANGUAGE_STANDARD = "gnu++17";
				CLANG_CXX_LIBRARY = "libc++";
				CLANG_ENABLE_MODULES = YES;
				CLANG_ENABLE_OBJC_ARC = YES;
				CLANG_ENABLE_OBJC_WEAK = YES;
				CLANG_WARN_BLOCK_CAPTURE_AUTORELEASING = YES;
				CLANG_WARN_BOOL_CONVERSION = YES;
				CLANG_WARN_COMMA = YES;
				CLANG_WARN_CONSTANT_CONVERSION = YES;
				CLANG_WARN_DEPRECATED_OBJC_IMPLEMENTATIONS = YES;
				CLANG_WARN_DIRECT_OBJC_ISA_USAGE = YES_ERROR;
				CLANG_WARN_DOCUMENTATION_COMMENTS = YES;
				CLANG_WARN_EMPTY_BODY = YES;
				CLANG_WARN_ENUM_CONVERSION = YES;
				CLANG_WARN_INFINITE_RECURSION = YES;
				CLANG_WARN_INT_CONVERSION = YES;
				CLANG_WARN_NON_LITERAL_NULL_CONVERSION = YES;
				CLANG_WARN_OBJC_IMPLICIT_RETAIN_SELF = YES;
				CLANG_WARN_OBJC_LITERAL_CONVERSION = YES;
				CLANG_WARN_OBJC_ROOT_CLASS = YES_ERROR;
				CLANG_WARN_QUOTED_INCLUDE_IN_FRAMEWORK_HEADER = YES;
				CLANG_WARN_RANGE_LOOP_ANALYSIS = YES;
				CLANG_WARN_STRICT_PROTOTYPES = YES;
				CLANG_WARN_SUSPICIOUS_MOVE = YES;
				CLANG_WARN_UNGUARDED_AVAILABILITY = YES_AGGRESSIVE;
				CLANG_WARN_UNREACHABLE_CODE = YES;
				CLANG_WARN__DUPLICATE_METHOD_MATCH = YES;
				COPY_PHASE_STRIP = NO;
				DEBUG_INFORMATION_FORMAT = "dwarf-with-dsym";
				ENABLE_NS_ASSERTIONS = NO;
				ENABLE_STRICT_OBJC_MSGSEND = YES;
				GCC_C_LANGUAGE_STANDARD = gnu11;
				GCC_NO_COMMON_BLOCKS = YES;
				GCC_WARN_64_TO_32_BIT_CONVERSION = YES;
				GCC_WARN_ABOUT_RETURN_TYPE = YES_ERROR;
				GCC_WARN_UNDECLARED_SELECTOR = YES;
				GCC_WARN_UNINITIALIZED_AUTOS = YES_AGGRESSIVE;
				GCC_WARN_UNUSED_FUNCTION = YES;
				GCC_WARN_UNUSED_VARIABLE = YES;
				IPHONEOS_DEPLOYMENT_TARGET = 15.2;
				MTL_ENABLE_DEBUG_INFO = NO;
				MTL_FAST_MATH = YES;
				SDKROOT = iphoneos;
				SWIFT_COMPILATION_MODE = wholemodule;
				SWIFT_OPTIMIZATION_LEVEL = "-O";
				VALIDATE_PRODUCT = YES;
			};
			name = Release;
		};
		06315A712A51A59A00870B9D /* Debug */ = {
			isa = XCBuildConfiguration;
			buildSettings = {
				ASSETCATALOG_COMPILER_APPICON_NAME = AppIcon;
				ASSETCATALOG_COMPILER_GLOBAL_ACCENT_COLOR_NAME = AccentColor;
				CODE_SIGN_STYLE = Automatic;
				CURRENT_PROJECT_VERSION = 1;
				DEVELOPMENT_ASSET_PATHS = "\"LocationSearchSwiftUI/Preview Content\"";
				DEVELOPMENT_TEAM = 9FGVTTM39Q;
				ENABLE_PREVIEWS = YES;
				GENERATE_INFOPLIST_FILE = YES;
				INFOPLIST_KEY_NSLocationAlwaysAndWhenInUseUsageDescription = "The app requires your location when in use.";
				INFOPLIST_KEY_NSLocationWhenInUseUsageDescription = "The app requires your location when in use.";
				INFOPLIST_KEY_UIApplicationSceneManifest_Generation = YES;
				INFOPLIST_KEY_UIApplicationSupportsIndirectInputEvents = YES;
				INFOPLIST_KEY_UILaunchScreen_Generation = YES;
				INFOPLIST_KEY_UISupportedInterfaceOrientations_iPad = "UIInterfaceOrientationPortrait UIInterfaceOrientationPortraitUpsideDown UIInterfaceOrientationLandscapeLeft UIInterfaceOrientationLandscapeRight";
				INFOPLIST_KEY_UISupportedInterfaceOrientations_iPhone = "UIInterfaceOrientationPortrait UIInterfaceOrientationLandscapeLeft UIInterfaceOrientationLandscapeRight";
				LD_RUNPATH_SEARCH_PATHS = (
					"$(inherited)",
					"@executable_path/Frameworks",
				);
				MARKETING_VERSION = 1.0;
				PRODUCT_BUNDLE_IDENTIFIER = "-234.LocationSearchSwiftUI";
				PRODUCT_NAME = "$(TARGET_NAME)";
				SWIFT_EMIT_LOC_STRINGS = YES;
				SWIFT_VERSION = 5.0;
				TARGETED_DEVICE_FAMILY = "1,2";
			};
			name = Debug;
		};
		06315A722A51A59A00870B9D /* Release */ = {
			isa = XCBuildConfiguration;
			buildSettings = {
				ASSETCATALOG_COMPILER_APPICON_NAME = AppIcon;
				ASSETCATALOG_COMPILER_GLOBAL_ACCENT_COLOR_NAME = AccentColor;
				CODE_SIGN_STYLE = Automatic;
				CURRENT_PROJECT_VERSION = 1;
				DEVELOPMENT_ASSET_PATHS = "\"LocationSearchSwiftUI/Preview Content\"";
				DEVELOPMENT_TEAM = 9FGVTTM39Q;
				ENABLE_PREVIEWS = YES;
				GENERATE_INFOPLIST_FILE = YES;
				INFOPLIST_KEY_NSLocationAlwaysAndWhenInUseUsageDescription = "The app requires your location when in use.";
				INFOPLIST_KEY_NSLocationWhenInUseUsageDescription = "The app requires your location when in use.";
				INFOPLIST_KEY_UIApplicationSceneManifest_Generation = YES;
				INFOPLIST_KEY_UIApplicationSupportsIndirectInputEvents = YES;
				INFOPLIST_KEY_UILaunchScreen_Generation = YES;
				INFOPLIST_KEY_UISupportedInterfaceOrientations_iPad = "UIInterfaceOrientationPortrait UIInterfaceOrientationPortraitUpsideDown UIInterfaceOrientationLandscapeLeft UIInterfaceOrientationLandscapeRight";
				INFOPLIST_KEY_UISupportedInterfaceOrientations_iPhone = "UIInterfaceOrientationPortrait UIInterfaceOrientationLandscapeLeft UIInterfaceOrientationLandscapeRight";
				LD_RUNPATH_SEARCH_PATHS = (
					"$(inherited)",
					"@executable_path/Frameworks",
				);
				MARKETING_VERSION = 1.0;
				PRODUCT_BUNDLE_IDENTIFIER = "-234.LocationSearchSwiftUI";
				PRODUCT_NAME = "$(TARGET_NAME)";
				SWIFT_EMIT_LOC_STRINGS = YES;
				SWIFT_VERSION = 5.0;
				TARGETED_DEVICE_FAMILY = "1,2";
			};
			name = Release;
		};
/* End XCBuildConfiguration section */

/* Begin XCConfigurationList section */
		06315A5D2A51A58300870B9D /* Build configuration list for PBXProject "LocationSearchSwiftUI" */ = {
			isa = XCConfigurationList;
			buildConfigurations = (
				06315A6E2A51A59A00870B9D /* Debug */,
				06315A6F2A51A59A00870B9D /* Release */,
			);
			defaultConfigurationIsVisible = 0;
			defaultConfigurationName = Release;
		};
		06315A702A51A59A00870B9D /* Build configuration list for PBXNativeTarget "LocationSearchSwiftUI" */ = {
			isa = XCConfigurationList;
			buildConfigurations = (
				06315A712A51A59A00870B9D /* Debug */,
				06315A722A51A59A00870B9D /* Release */,
			);
			defaultConfigurationIsVisible = 0;
			defaultConfigurationName = Release;
		};
/* End XCConfigurationList section */
	};
	rootObject = 06315A5A2A51A58300870B9D /* Project object */;
}
